
Microsoft Visual Studio Solution File, Format Version 12.00
# Visual Studio Version 16
VisualStudioVersion = 16.0.31424.327
MinimumVisualStudioVersion = 10.0.40219.1
Project("{FAE04EC0-301F-11D3-BF4B-00C04F79EFBC}") = "PasswordManager.Domain", "PasswordManager.Domain\PasswordManager.Domain.csproj", "{1CBCCD82-B5C9-40A8-96DE-EDFDDA53A30D}"
EndProject
Project("{FAE04EC0-301F-11D3-BF4B-00C04F79EFBC}") = "PasswordManager.Infra", "PasswordManager.Infra\PasswordManager.Infra.csproj", "{EEA8FD52-D1FF-456F-9FCD-48789F8014A6}"
EndProject
Project("{FAE04EC0-301F-11D3-BF4B-00C04F79EFBC}") = "PasswordManager.IoC", "PasswordManager.IoC\PasswordManager.IoC.csproj", "{AEF4A8EF-AB1C-4310-BE58-D053558856DB}"
EndProject
Project("{FAE04EC0-301F-11D3-BF4B-00C04F79EFBC}") = "PasswordManager.Domain.Test", "PasswordManager.Domain.Test\PasswordManager.Domain.Test.csproj", "{F94BCB78-F751-4F47-9D6B-968A1913B043}"
EndProject
Project("{FAE04EC0-301F-11D3-BF4B-00C04F79EFBC}") = "PasswordManager.API", "PasswordManager.API\PasswordManager.API.csproj", "{E1EBA94D-6AAE-41E7-93AE-7F781FAA591A}"
EndProject
Global
	GlobalSection(SolutionConfigurationPlatforms) = preSolution
		Debug|Any CPU = Debug|Any CPU
		Release|Any CPU = Release|Any CPU
	EndGlobalSection
	GlobalSection(ProjectConfigurationPlatforms) = postSolution
		{1CBCCD82-B5C9-40A8-96DE-EDFDDA53A30D}.Debug|Any CPU.ActiveCfg = Debug|Any CPU
		{1CBCCD82-B5C9-40A8-96DE-EDFDDA53A30D}.Debug|Any CPU.Build.0 = Debug|Any CPU
		{1CBCCD82-B5C9-40A8-96DE-EDFDDA53A30D}.Release|Any CPU.ActiveCfg = Release|Any CPU
		{1CBCCD82-B5C9-40A8-96DE-EDFDDA53A30D}.Release|Any CPU.Build.0 = Release|Any CPU
		{EEA8FD52-D1FF-456F-9FCD-48789F8014A6}.Debug|Any CPU.ActiveCfg = Debug|Any CPU
		{EEA8FD52-D1FF-456F-9FCD-48789F8014A6}.Debug|Any CPU.Build.0 = Debug|Any CPU
		{EEA8FD52-D1FF-456F-9FCD-48789F8014A6}.Release|Any CPU.ActiveCfg = Release|Any CPU
		{EEA8FD52-D1FF-456F-9FCD-48789F8014A6}.Release|Any CPU.Build.0 = Release|Any CPU
		{AEF4A8EF-AB1C-4310-BE58-D053558856DB}.Debug|Any CPU.ActiveCfg = Debug|Any CPU
		{AEF4A8EF-AB1C-4310-BE58-D053558856DB}.Debug|Any CPU.Build.0 = Debug|Any CPU
		{AEF4A8EF-AB1C-4310-BE58-D053558856DB}.Release|Any CPU.ActiveCfg = Release|Any CPU
		{AEF4A8EF-AB1C-4310-BE58-D053558856DB}.Release|Any CPU.Build.0 = Release|Any CPU
		{F94BCB78-F751-4F47-9D6B-968A1913B043}.Debug|Any CPU.ActiveCfg = Debug|Any CPU
		{F94BCB78-F751-4F47-9D6B-968A1913B043}.Debug|Any CPU.Build.0 = Debug|Any CPU
		{F94BCB78-F751-4F47-9D6B-968A1913B043}.Release|Any CPU.ActiveCfg = Release|Any CPU
		{F94BCB78-F751-4F47-9D6B-968A1913B043}.Release|Any CPU.Build.0 = Release|Any CPU
		{E1EBA94D-6AAE-41E7-93AE-7F781FAA591A}.Debug|Any CPU.ActiveCfg = Debug|Any CPU
		{E1EBA94D-6AAE-41E7-93AE-7F781FAA591A}.Debug|Any CPU.Build.0 = Debug|Any CPU
		{E1EBA94D-6AAE-41E7-93AE-7F781FAA591A}.Release|Any CPU.ActiveCfg = Release|Any CPU
		{E1EBA94D-6AAE-41E7-93AE-7F781FAA591A}.Release|Any CPU.Build.0 = Release|Any CPU
	EndGlobalSection
	GlobalSection(SolutionProperties) = preSolution
		HideSolutionNode = FALSE
	EndGlobalSection
	GlobalSection(ExtensibilityGlobals) = postSolution
		SolutionGuid = {234CCB7F-C879-46A0-AFFB-E211F486580C}
	EndGlobalSection
EndGlobal
